{
  "version": 2,
  "dependencies": {
    "net8.0": {
      "MetadataExtractor": {
        "type": "Direct",
        "requested": "[2.9.3, )",
        "resolved": "2.9.3",
        "contentHash": "7dBcqlPC2Zc/bsZtXnv8nCWe5h5WsLHszzHtxnpcsVy4MwlD3KQ3wVNoiYBm0a3rzt5hRwAosPvLPhlXrV5lyg==",
        "dependencies": {
          "XmpCore": "6.1.10.1"
        }
      },
      "Microsoft.Extensions.DependencyInjection.Abstractions": {
        "type": "Direct",
        "requested": "[10.0.12, )",
        "resolved": "10.0.12",
        "contentHash": "9/qymSh7hVDMGTGwrLz8MRp5zRyXy9adGDOs4HwRdnLil3oZGYuWeZjbmHgCQ9BL1qBroVfgUK3U/nb61617Cw=="
      },
      "Microsoft.Extensions.Logging.Abstractions": {
        "type": "Direct",
        "requested": "[10.0.12, )",
        "resolved": "10.0.12",
        "contentHash": "+24lC4plfbEDNfLAdTV/SWKS7dW+16X4HdydO3R++134kSNTzcbYA4KpR1Hdh6uWisB8Za3AzwyOn+K+NxWIug==",
        "dependencies": {
          "Microsoft.Extensions.DependencyInjection.Abstractions": "10.0.12",
          "System.Diagnostics.DiagnosticSource": "10.0.12"
        }
      },
      "SkiaSharp": {
        "type": "Direct",
        "requested": "[4.153.0, )",
        "resolved": "4.153.0",
        "contentHash": "SUb82mheKR0PhZB0tm3Oz0z1Xy9j+0186AeOhY8ff7O777jq57tLaJXhFpbOKJ75y6axzp4kslMGzB0ka7oLsQ==",
        "dependencies": {
          "SkiaSharp.NativeAssets.Win32": "4.153.0",
          "SkiaSharp.NativeAssets.macOS": "4.153.0"
        }
      },
      "SkiaSharp.NativeAssets.Linux.NoDependencies": {
        "type": "Direct",
        "requested": "[4.153.0, )",
        "resolved": "4.153.0",
        "contentHash": "wFHdjGdc6KL6a5TUh73b3UKPmzIZJ6mu1qHvMuamVBvNtuq0VkQsDBv027gyumencJ5qmUfpJJpnqmp25G69CQ=="
      },
      "Xabe.FFmpeg": {
        "type": "Direct",
        "requested": "[6.0.2, )",
        "resolved": "6.0.2",
        "contentHash": "82rhJD6NRXJ71g+Spk3gLINUmoNK3AGmUDCIUSOqR7wW1Z1JHMpkg3RTxeg4Hw7cEaQvuBePCrz4CvPQeNzjLA=="
      },
      "Xabe.FFmpeg.Downloader": {
        "type": "Direct",
        "requested": "[6.0.2, )",
        "resolved": "6.0.2",
        "contentHash": "UIvlf8airHkU4jxmF2jG0wsRXGnXrKn9C+iGC7Mm7PlLmYrXDcWEdCTO6h49A2zPKepSYkWwcSfyptHlfo+v8g==",
        "dependencies": {
          "Xabe.FFmpeg": "6.0.2"
        }
      },
      "SkiaSharp.NativeAssets.macOS": {
        "type": "Transitive",
        "resolved": "4.153.0",
        "contentHash": "HupVxGOlrSHW4G0yXtNQW2c56tqlQeXoBXt1yxjDX2V49AgmmhnvS81U/arLX/a9M388PZZKJyjIjK7nVT1eGQ=="
      },
      "SkiaSharp.NativeAssets.Win32": {
        "type": "Transitive",
        "resolved": "4.153.0",
        "contentHash": "c1glJgnMtRYQE05h71nkotqZAdcmi8+9B9UcTvsQRKSA8G3QEM50lktSR119hJt3JE6KN8lHqihKMsJNbIVWOA=="
      },
      "System.Diagnostics.DiagnosticSource": {
        "type": "Transitive",
        "resolved": "10.0.12",
        "contentHash": "CRZTWYO0rzEcJN/6SuN1kMvQOJT7vyHZ64CCkQs0RRWTj7kH2KMkaMalbsbSI/eg5dS5JAQfQFFuuWgn+XRMsQ=="
      },
      "XmpCore": {
        "type": "Transitive",
        "resolved": "6.1.10.1",
        "contentHash": "/Tp2/e39e7z8hLtS4TXt0FNNZHbf5yNFfHS0/59soXlgOzZlyRZivvzWpvujyaWkTWWgecp/1nHxkuc5vntn7A=="
      },
      "dlnaserver.core": {
        "type": "Project"
      }
    },
    "net8.0/linux-arm": {
      "SkiaSharp.NativeAssets.Linux.NoDependencies": {
        "type": "Direct",
        "requested": "[4.153.0, )",
        "resolved": "4.153.0",
        "contentHash": "wFHdjGdc6KL6a5TUh73b3UKPmzIZJ6mu1qHvMuamVBvNtuq0VkQsDBv027gyumencJ5qmUfpJJpnqmp25G69CQ=="
      },
      "SkiaSharp.NativeAssets.macOS": {
        "type": "Transitive",
        "resolved": "4.153.0",
        "contentHash": "HupVxGOlrSHW4G0yXtNQW2c56tqlQeXoBXt1yxjDX2V49AgmmhnvS81U/arLX/a9M388PZZKJyjIjK7nVT1eGQ=="
      },
      "SkiaSharp.NativeAssets.Win32": {
        "type": "Transitive",
        "resolved": "4.153.0",
        "contentHash": "c1glJgnMtRYQE05h71nkotqZAdcmi8+9B9UcTvsQRKSA8G3QEM50lktSR119hJt3JE6KN8lHqihKMsJNbIVWOA=="
      }
    },
    "net8.0/linux-arm64": {
      "SkiaSharp.NativeAssets.Linux.NoDependencies": {
        "type": "Direct",
        "requested": "[4.153.0, )",
        "resolved": "4.153.0",
        "contentHash": "wFHdjGdc6KL6a5TUh73b3UKPmzIZJ6mu1qHvMuamVBvNtuq0VkQsDBv027gyumencJ5qmUfpJJpnqmp25G69CQ=="
      },
      "SkiaSharp.NativeAssets.macOS": {
        "type": "Transitive",
        "resolved": "4.153.0",
        "contentHash": "HupVxGOlrSHW4G0yXtNQW2c56tqlQeXoBXt1yxjDX2V49AgmmhnvS81U/arLX/a9M388PZZKJyjIjK7nVT1eGQ=="
      },
      "SkiaSharp.NativeAssets.Win32": {
        "type": "Transitive",
        "resolved": "4.153.0",
        "contentHash": "c1glJgnMtRYQE05h71nkotqZAdcmi8+9B9UcTvsQRKSA8G3QEM50lktSR119hJt3JE6KN8lHqihKMsJNbIVWOA=="
      }
    },
    "net8.0/linux-musl-arm64": {
      "SkiaSharp.NativeAssets.Linux.NoDependencies": {
        "type": "Direct",
        "requested": "[4.153.0, )",
        "resolved": "4.153.0",
        "contentHash": "wFHdjGdc6KL6a5TUh73b3UKPmzIZJ6mu1qHvMuamVBvNtuq0VkQsDBv027gyumencJ5qmUfpJJpnqmp25G69CQ=="
      },
      "SkiaSharp.NativeAssets.macOS": {
        "type": "Transitive",
        "resolved": "4.153.0",
        "contentHash": "HupVxGOlrSHW4G0yXtNQW2c56tqlQeXoBXt1yxjDX2V49AgmmhnvS81U/arLX/a9M388PZZKJyjIjK7nVT1eGQ=="
      },
      "SkiaSharp.NativeAssets.Win32": {
        "type": "Transitive",
        "resolved": "4.153.0",
        "contentHash": "c1glJgnMtRYQE05h71nkotqZAdcmi8+9B9UcTvsQRKSA8G3QEM50lktSR119hJt3JE6KN8lHqihKMsJNbIVWOA=="
      }
    },
    "net8.0/linux-x64": {
      "SkiaSharp.NativeAssets.Linux.NoDependencies": {
        "type": "Direct",
        "requested": "[4.153.0, )",
        "resolved": "4.153.0",
        "contentHash": "wFHdjGdc6KL6a5TUh73b3UKPmzIZJ6mu1qHvMuamVBvNtuq0VkQsDBv027gyumencJ5qmUfpJJpnqmp25G69CQ=="
      },
      "SkiaSharp.NativeAssets.macOS": {
        "type": "Transitive",
        "resolved": "4.153.0",
        "contentHash": "HupVxGOlrSHW4G0yXtNQW2c56tqlQeXoBXt1yxjDX2V49AgmmhnvS81U/arLX/a9M388PZZKJyjIjK7nVT1eGQ=="
      },
      "SkiaSharp.NativeAssets.Win32": {
        "type": "Transitive",
        "resolved": "4.153.0",
        "contentHash": "c1glJgnMtRYQE05h71nkotqZAdcmi8+9B9UcTvsQRKSA8G3QEM50lktSR119hJt3JE6KN8lHqihKMsJNbIVWOA=="
      }
    }
  }
}