{
  "version": 2,
  "dependencies": {
    "net8.0": {
      "SoapCore": {
        "type": "Direct",
        "requested": "[1.2.1.16, )",
        "resolved": "1.2.1.16",
        "contentHash": "P1W+P3hmefn7uqDiM8t8ADtD/tKWd31FL8QUiLPoWGmCQInq0UHcPXdmKiLnIVPAVcNbqBJHFVb1YLeHImq+6A==",
        "dependencies": {
          "System.CodeDom": "9.0.2",
          "System.ServiceModel.Http": "8.1.1"
        }
      },
      "Microsoft.Extensions.ObjectPool": {
        "type": "Transitive",
        "resolved": "8.0.10",
        "contentHash": "u7gAG7JgxF8VSJUGPSudAcPxOt+ymJKQCSxNRxiuKV+klCQbHljQR75SilpedCTfhPWDhtUwIJpnDVtspr9nMg=="
      },
      "System.CodeDom": {
        "type": "Transitive",
        "resolved": "9.0.2",
        "contentHash": "VnlzS7afE8LaXXwKdHOe2D6FcDekqThzU1E67CONV7gp71q3zposqcSeXH+PxARMXC5j31efwXrxP8VGvD70Ug=="
      },
      "System.Security.Cryptography.Pkcs": {
        "type": "Transitive",
        "resolved": "8.0.1",
        "contentHash": "CoCRHFym33aUSf/NtWSVSZa99dkd0Hm7OCZUxORBjRB16LNhIEOf8THPqzIYlvKM0nNDAPTRBa1FxEECrgaxxA=="
      },
      "System.ServiceModel.Http": {
        "type": "Transitive",
        "resolved": "8.1.1",
        "contentHash": "OArC2JVvd4bOzWaBBcEy6RnLdeH+DaOJ5wzbZc5DpSSpwMmgADIEkP6bDjJEVfGVuNjlgvI08GsRpSO6Q+9Jmg==",
        "dependencies": {
          "System.ServiceModel.Primitives": "8.1.1"
        }
      },
      "System.ServiceModel.Primitives": {
        "type": "Transitive",
        "resolved": "8.1.1",
        "contentHash": "v+jwURtpzg1eI5RDARP9AAQg5GmtNu6rWAOVTauL74cB8jcuP6DB8PVpz1IPTRavX6qlFAKkS+X+9QR5S84QyA==",
        "dependencies": {
          "Microsoft.Extensions.ObjectPool": "8.0.10",
          "System.Security.Cryptography.Xml": "8.0.2"
        }
      },
      "dlnaserver.core": {
        "type": "Project"
      },
      "System.Security.Cryptography.Xml": {
        "type": "CentralTransitive",
        "requested": "[8.0.4, )",
        "resolved": "8.0.4",
        "contentHash": "1y+ROEEmEOACrQWqRi37GkGHOThPc31m7vezOySpPE9xXN2nTN6ndLYjylvy42aCtQq4owlYhcqaKpQKMDFKFg==",
        "dependencies": {
          "System.Security.Cryptography.Pkcs": "8.0.1"
        }
      }
    },
    "net8.0/linux-arm": {
      "System.Security.Cryptography.Pkcs": {
        "type": "Transitive",
        "resolved": "8.0.1",
        "contentHash": "CoCRHFym33aUSf/NtWSVSZa99dkd0Hm7OCZUxORBjRB16LNhIEOf8THPqzIYlvKM0nNDAPTRBa1FxEECrgaxxA=="
      }
    },
    "net8.0/linux-arm64": {
      "System.Security.Cryptography.Pkcs": {
        "type": "Transitive",
        "resolved": "8.0.1",
        "contentHash": "CoCRHFym33aUSf/NtWSVSZa99dkd0Hm7OCZUxORBjRB16LNhIEOf8THPqzIYlvKM0nNDAPTRBa1FxEECrgaxxA=="
      }
    },
    "net8.0/linux-musl-arm64": {
      "System.Security.Cryptography.Pkcs": {
        "type": "Transitive",
        "resolved": "8.0.1",
        "contentHash": "CoCRHFym33aUSf/NtWSVSZa99dkd0Hm7OCZUxORBjRB16LNhIEOf8THPqzIYlvKM0nNDAPTRBa1FxEECrgaxxA=="
      }
    },
    "net8.0/linux-x64": {
      "System.Security.Cryptography.Pkcs": {
        "type": "Transitive",
        "resolved": "8.0.1",
        "contentHash": "CoCRHFym33aUSf/NtWSVSZa99dkd0Hm7OCZUxORBjRB16LNhIEOf8THPqzIYlvKM0nNDAPTRBa1FxEECrgaxxA=="
      }
    }
  }
}