{
  "version": 2,
  "dependencies": {
    "net8.0": {
      "Microsoft.Data.Sqlite.Core": {
        "type": "Transitive",
        "resolved": "9.0.20",
        "contentHash": "fh7kGdTZ/3UGydwTFTuCgMQ/JFkkjYrOEU/195ITmp9kddjn0FCNEusAi4XDxOnZ0QiHG6azpgjVjrSxvfPdjw==",
        "dependencies": {
          "SQLitePCLRaw.core": "2.1.12"
        }
      },
      "Microsoft.EntityFrameworkCore": {
        "type": "Transitive",
        "resolved": "9.0.20",
        "contentHash": "52/3+48fTVcVQopie1SZLLenAuyrG0Enr1eAEbw05b22dl6nbC8V0UHLFknodJOrVcqdYR1Pf6FMbNvvWuhB5A==",
        "dependencies": {
          "Microsoft.EntityFrameworkCore.Abstractions": "9.0.20",
          "Microsoft.EntityFrameworkCore.Analyzers": "9.0.20",
          "Microsoft.Extensions.Caching.Memory": "9.0.20",
          "Microsoft.Extensions.Logging": "9.0.20"
        }
      },
      "Microsoft.EntityFrameworkCore.Abstractions": {
        "type": "Transitive",
        "resolved": "9.0.20",
        "contentHash": "ity/Y3MG2hAxK/na+9vp0XQ6kDDwZ8thJfCl+MSBhRNyXgaBtb16SyX2W0uFL44k6BHDmohybJQSRXnjkI4jtA=="
      },
      "Microsoft.EntityFrameworkCore.Analyzers": {
        "type": "Transitive",
        "resolved": "9.0.20",
        "contentHash": "WCNEWRZGuYycp0vU9aAfEKGZOr7hGrJP4SpJkl2KzXzKqH9UY/2h6j2L3JYa/AZbKD7EffQGk09NmyEcml/OwQ=="
      },
      "Microsoft.EntityFrameworkCore.Relational": {
        "type": "Transitive",
        "resolved": "9.0.20",
        "contentHash": "84oLYJjAA8hSrwPfkq0cm9dBdf3uFbBwqJVYjmS4zEoKJ87cj/Knyp1iYAHe95ToJHeo8APAPG0OlA6S4GUUlw==",
        "dependencies": {
          "Microsoft.EntityFrameworkCore": "9.0.20",
          "Microsoft.Extensions.Caching.Memory": "9.0.20",
          "Microsoft.Extensions.Configuration.Abstractions": "9.0.20",
          "Microsoft.Extensions.Logging": "9.0.20"
        }
      },
      "Microsoft.EntityFrameworkCore.Sqlite.Core": {
        "type": "Transitive",
        "resolved": "9.0.20",
        "contentHash": "vyUXyy2OSAtzZaVSSU/oeE+k/lVj77gUw3PjX9ABHGOz9ySuWQCr5IL9TCc9XWNTmExrSa4uc/7NfOPPooNWMw==",
        "dependencies": {
          "Microsoft.Data.Sqlite.Core": "9.0.20",
          "Microsoft.EntityFrameworkCore.Relational": "9.0.20",
          "Microsoft.Extensions.Caching.Memory": "9.0.20",
          "Microsoft.Extensions.Configuration.Abstractions": "9.0.20",
          "Microsoft.Extensions.DependencyModel": "9.0.20",
          "Microsoft.Extensions.Logging": "9.0.20",
          "SQLitePCLRaw.core": "2.1.12",
          "System.Text.Json": "9.0.20"
        }
      },
      "Microsoft.Extensions.Caching.Abstractions": {
        "type": "Transitive",
        "resolved": "10.0.12",
        "contentHash": "sI3A6MUAyZwccLnwq0cXuRmC3WBtXieimBWafXSfhRJ4jnM2uGVXrqImDDVyW27u4vVaTOGlJxNJd8d1FGvCNQ==",
        "dependencies": {
          "Microsoft.Extensions.Primitives": "10.0.12"
        }
      },
      "Microsoft.Extensions.Configuration.Abstractions": {
        "type": "Transitive",
        "resolved": "9.0.20",
        "contentHash": "wNR2jEXCTwMKXKi/iWvi3PfRaxtU2j3VmzYHsbVhllQTKRpr1HmHewdwkLhlYk/VatbqDmprW1+tN2O/BA5OKA==",
        "dependencies": {
          "Microsoft.Extensions.Primitives": "9.0.20"
        }
      },
      "Microsoft.Extensions.DependencyInjection": {
        "type": "Transitive",
        "resolved": "9.0.20",
        "contentHash": "SnnIHEHfbYGvd91ZNvYeJcQVSaICdSQWXficKuBkT0Jzfx34XsqZ9aHj0y/7a/eZWY05B3SI0dQA/gKfIVZgWw==",
        "dependencies": {
          "Microsoft.Extensions.DependencyInjection.Abstractions": "9.0.20"
        }
      },
      "Microsoft.Extensions.DependencyModel": {
        "type": "Transitive",
        "resolved": "9.0.20",
        "contentHash": "bhUlryY1AIFsB9kpR6/KMPWryLHoBPBpRSi79GQa4XVcYyW1PGA3Zi+rdu1wxJ5DWuA1Jr6DAVRgrgPnYOu8eg==",
        "dependencies": {
          "System.Text.Encodings.Web": "9.0.20",
          "System.Text.Json": "9.0.20"
        }
      },
      "Microsoft.Extensions.Logging": {
        "type": "Transitive",
        "resolved": "9.0.20",
        "contentHash": "EJXNsngA3CycEVzMwZXkjAMMF4mlh3T8M9UyyJXFjPNSpNtdeKsSWzXtFG2qyC9JIGWFd5r2XlgBXtOCw2JYzQ==",
        "dependencies": {
          "Microsoft.Extensions.DependencyInjection": "9.0.20",
          "Microsoft.Extensions.Logging.Abstractions": "9.0.20",
          "Microsoft.Extensions.Options": "9.0.20"
        }
      },
      "Microsoft.Extensions.Options": {
        "type": "Transitive",
        "resolved": "10.0.12",
        "contentHash": "TDYD33TSRpXKZWlmTXNlj5kCihxatmv2Ec1u6C+bMYLphCS7PoSLE9Pjd/nunDoE7yETk+LLKjVJX78HYtWjpA==",
        "dependencies": {
          "Microsoft.Extensions.DependencyInjection.Abstractions": "10.0.12",
          "Microsoft.Extensions.Primitives": "10.0.12"
        }
      },
      "Microsoft.Extensions.Primitives": {
        "type": "Transitive",
        "resolved": "10.0.12",
        "contentHash": "dYfCLR52UA+3DL7C4I/pvSaRPkNqxrUAQmbFL2u0zvYKKzqgrFCJl08Df+F1aYc8leu9JvpC9bsURUdpExcBXQ=="
      },
      "SQLitePCLRaw.bundle_e_sqlite3": {
        "type": "Transitive",
        "resolved": "2.1.12",
        "contentHash": "mAgscpQMLw5/nfA1Q5oJVAT29yROUo1ifZGbbTpx/lwZpSxMUGoYbKfmvdm8oXER+RzxqBmmQzeBEVKfeHv2nw==",
        "dependencies": {
          "SQLitePCLRaw.lib.e_sqlite3": "2.1.12",
          "SQLitePCLRaw.provider.e_sqlite3": "2.1.12"
        }
      },
      "SQLitePCLRaw.core": {
        "type": "Transitive",
        "resolved": "2.1.12",
        "contentHash": "ETpNw9DY3ckWLgRRAeCHj+GKOuPi61aeczkXhgHexUvqoZBAYg8RYESE2J7O1M7+o6QbdSEZwrw9bfqztUVWXg==",
        "dependencies": {
          "System.Memory": "4.5.3"
        }
      },
      "SQLitePCLRaw.provider.e_sqlite3": {
        "type": "Transitive",
        "resolved": "2.1.12",
        "contentHash": "W3oH4XIfCzFrgUSDKHhN6N+dgzA5YHOR2VxX8GB6Qy7CyrJJgxPEG8NirgYWlPQC5P2jz2knSsexWu4tDUL33g==",
        "dependencies": {
          "SQLitePCLRaw.core": "2.1.12"
        }
      },
      "System.Diagnostics.DiagnosticSource": {
        "type": "Transitive",
        "resolved": "10.0.12",
        "contentHash": "CRZTWYO0rzEcJN/6SuN1kMvQOJT7vyHZ64CCkQs0RRWTj7kH2KMkaMalbsbSI/eg5dS5JAQfQFFuuWgn+XRMsQ=="
      },
      "System.IO.Pipelines": {
        "type": "Transitive",
        "resolved": "9.0.20",
        "contentHash": "YUwc8IFJTnrrmhM1wPteqiN/vcs8jCxNRClhw3zo0jZy23tNUZQfJkPm65U9lN2/hIjknKcb+nLRvLbJnh4IpQ=="
      },
      "System.Memory": {
        "type": "Transitive",
        "resolved": "4.5.3",
        "contentHash": "3oDzvc/zzetpTKWMShs1AADwZjQ/36HnsufHRPcOjyRAAMLDlu2iD33MBI2opxnezcVUtXyqDXXjoFMOU9c7SA=="
      },
      "System.Text.Encodings.Web": {
        "type": "Transitive",
        "resolved": "9.0.20",
        "contentHash": "4mO6B7OuBV17IyVuwhSu7dxjSzuhA2hU0ScveCPKBmMoI9L0NA33G+SaS6/JGIBSWCMBN6p0QP/ZXmkezJUjHw=="
      },
      "System.Text.Json": {
        "type": "Transitive",
        "resolved": "9.0.20",
        "contentHash": "BTRIxPnDLRAQLJI3Q7/ezyfJLp/KAi5k2NwGfAwrkiWPa/nS+bcVu2GX3dXt8jO5u8gcf2AJ04mIhvdtchDG9A==",
        "dependencies": {
          "System.IO.Pipelines": "9.0.20",
          "System.Text.Encodings.Web": "9.0.20"
        }
      },
      "dlnaserver.core": {
        "type": "Project"
      },
      "dlnaserver.persistence": {
        "type": "Project",
        "dependencies": {
          "DlnaServer.Core": "[1.1.926, )",
          "Microsoft.EntityFrameworkCore.Sqlite": "[9.0.20, )",
          "SQLitePCLRaw.lib.e_sqlite3": "[3.53.3, )"
        }
      },
      "Microsoft.EntityFrameworkCore.Sqlite": {
        "type": "CentralTransitive",
        "requested": "[9.0.20, )",
        "resolved": "9.0.20",
        "contentHash": "iOYqUXpR8sXhw2Y4sPmEZokI1sXp4AN66FGMnSAxX8kzplrhq/h3VMQB2RP3RWV4Kmgh3YCbTHHK08DCc7d4MA==",
        "dependencies": {
          "Microsoft.EntityFrameworkCore.Sqlite.Core": "9.0.20",
          "Microsoft.Extensions.Caching.Memory": "9.0.20",
          "Microsoft.Extensions.Configuration.Abstractions": "9.0.20",
          "Microsoft.Extensions.DependencyModel": "9.0.20",
          "Microsoft.Extensions.Logging": "9.0.20",
          "SQLitePCLRaw.bundle_e_sqlite3": "2.1.12",
          "SQLitePCLRaw.core": "2.1.12",
          "System.Text.Json": "9.0.20"
        }
      },
      "Microsoft.Extensions.Caching.Memory": {
        "type": "CentralTransitive",
        "requested": "[10.0.12, )",
        "resolved": "10.0.12",
        "contentHash": "fhC3DHcBcFF4bXvHIxFtXJYNut7q7ZItqNFcgWfrIgmpVImlcEKNHhE7ztpNSPJYMHYYStS5QGND2I5mC26yeA==",
        "dependencies": {
          "Microsoft.Extensions.Caching.Abstractions": "10.0.12",
          "Microsoft.Extensions.DependencyInjection.Abstractions": "10.0.12",
          "Microsoft.Extensions.Logging.Abstractions": "10.0.12",
          "Microsoft.Extensions.Options": "10.0.12",
          "Microsoft.Extensions.Primitives": "10.0.12"
        }
      },
      "Microsoft.Extensions.DependencyInjection.Abstractions": {
        "type": "CentralTransitive",
        "requested": "[10.0.12, )",
        "resolved": "10.0.12",
        "contentHash": "9/qymSh7hVDMGTGwrLz8MRp5zRyXy9adGDOs4HwRdnLil3oZGYuWeZjbmHgCQ9BL1qBroVfgUK3U/nb61617Cw=="
      },
      "Microsoft.Extensions.Logging.Abstractions": {
        "type": "CentralTransitive",
        "requested": "[10.0.12, )",
        "resolved": "10.0.12",
        "contentHash": "+24lC4plfbEDNfLAdTV/SWKS7dW+16X4HdydO3R++134kSNTzcbYA4KpR1Hdh6uWisB8Za3AzwyOn+K+NxWIug==",
        "dependencies": {
          "Microsoft.Extensions.DependencyInjection.Abstractions": "10.0.12",
          "System.Diagnostics.DiagnosticSource": "10.0.12"
        }
      },
      "SQLitePCLRaw.lib.e_sqlite3": {
        "type": "CentralTransitive",
        "requested": "[3.53.3, )",
        "resolved": "3.53.3",
        "contentHash": "ZXiSbBkrlw2Of/dBqny/qtQol7dlThrUD8zH/jkQicCFm2yn2BbhKsQW0+YHAzhANWz4ZJCz7gvo88BwluVhkA=="
      }
    },
    "net8.0/linux-arm": {
      "System.Text.Encodings.Web": {
        "type": "Transitive",
        "resolved": "9.0.20",
        "contentHash": "4mO6B7OuBV17IyVuwhSu7dxjSzuhA2hU0ScveCPKBmMoI9L0NA33G+SaS6/JGIBSWCMBN6p0QP/ZXmkezJUjHw=="
      },
      "SQLitePCLRaw.lib.e_sqlite3": {
        "type": "CentralTransitive",
        "requested": "[3.53.3, )",
        "resolved": "3.53.3",
        "contentHash": "ZXiSbBkrlw2Of/dBqny/qtQol7dlThrUD8zH/jkQicCFm2yn2BbhKsQW0+YHAzhANWz4ZJCz7gvo88BwluVhkA=="
      }
    },
    "net8.0/linux-arm64": {
      "System.Text.Encodings.Web": {
        "type": "Transitive",
        "resolved": "9.0.20",
        "contentHash": "4mO6B7OuBV17IyVuwhSu7dxjSzuhA2hU0ScveCPKBmMoI9L0NA33G+SaS6/JGIBSWCMBN6p0QP/ZXmkezJUjHw=="
      },
      "SQLitePCLRaw.lib.e_sqlite3": {
        "type": "CentralTransitive",
        "requested": "[3.53.3, )",
        "resolved": "3.53.3",
        "contentHash": "ZXiSbBkrlw2Of/dBqny/qtQol7dlThrUD8zH/jkQicCFm2yn2BbhKsQW0+YHAzhANWz4ZJCz7gvo88BwluVhkA=="
      }
    },
    "net8.0/linux-musl-arm64": {
      "System.Text.Encodings.Web": {
        "type": "Transitive",
        "resolved": "9.0.20",
        "contentHash": "4mO6B7OuBV17IyVuwhSu7dxjSzuhA2hU0ScveCPKBmMoI9L0NA33G+SaS6/JGIBSWCMBN6p0QP/ZXmkezJUjHw=="
      },
      "SQLitePCLRaw.lib.e_sqlite3": {
        "type": "CentralTransitive",
        "requested": "[3.53.3, )",
        "resolved": "3.53.3",
        "contentHash": "ZXiSbBkrlw2Of/dBqny/qtQol7dlThrUD8zH/jkQicCFm2yn2BbhKsQW0+YHAzhANWz4ZJCz7gvo88BwluVhkA=="
      }
    },
    "net8.0/linux-x64": {
      "System.Text.Encodings.Web": {
        "type": "Transitive",
        "resolved": "9.0.20",
        "contentHash": "4mO6B7OuBV17IyVuwhSu7dxjSzuhA2hU0ScveCPKBmMoI9L0NA33G+SaS6/JGIBSWCMBN6p0QP/ZXmkezJUjHw=="
      },
      "SQLitePCLRaw.lib.e_sqlite3": {
        "type": "CentralTransitive",
        "requested": "[3.53.3, )",
        "resolved": "3.53.3",
        "contentHash": "ZXiSbBkrlw2Of/dBqny/qtQol7dlThrUD8zH/jkQicCFm2yn2BbhKsQW0+YHAzhANWz4ZJCz7gvo88BwluVhkA=="
      }
    }
  }
}